{
    "version": 3,
    "terraform_version": "0.11.7",
    "serial": 8,
    "lineage": "32a2917a-08ed-5d41-3e6f-dc90f9cd6e60",
    "modules": [
        {
            "path": [
                "root"
            ],
            "outputs": {},
            "resources": {
                "aws_eip.ip": {
                    "type": "aws_eip",
                    "depends_on": [
                        "aws_instance.example"
                    ],
                    "primary": {
                        "id": "eipalloc-046532c49866f1fcc",
                        "attributes": {
                            "association_id": "eipassoc-0ad05c37df033b49b",
                            "domain": "vpc",
                            "id": "eipalloc-046532c49866f1fcc",
                            "instance": "i-0ef0411cbff17b5e5",
                            "network_interface": "eni-0af7eff82336f0860",
                            "private_ip": "172.31.30.236",
                            "public_ip": "50.112.185.90",
                            "tags.%": "0",
                            "vpc": "true"
                        },
                        "meta": {
                            "e2bfb730-ecaa-11e6-8f88-34363bc7c4c0": {
                                "delete": 180000000000,
                                "read": 900000000000,
                                "update": 300000000000
                            }
                        },
                        "tainted": false
                    },
                    "deposed": [],
                    "provider": "provider.aws"
                },
                "aws_instance.example": {
                    "type": "aws_instance",
                    "depends_on": [],
                    "primary": {
                        "id": "i-0ef0411cbff17b5e5",
                        "attributes": {
                            "ami": "ami-db710fa3",
                            "associate_public_ip_address": "true",
                            "availability_zone": "us-west-2a",
                            "credit_specification.#": "1",
                            "credit_specification.0.cpu_credits": "standard",
                            "disable_api_termination": "false",
                            "ebs_block_device.#": "0",
                            "ebs_optimized": "false",
                            "ephemeral_block_device.#": "0",
                            "get_password_data": "false",
                            "iam_instance_profile": "",
                            "id": "i-0ef0411cbff17b5e5",
                            "instance_state": "running",
                            "instance_type": "t2.micro",
                            "ipv6_addresses.#": "0",
                            "key_name": "",
                            "monitoring": "false",
                            "network_interface.#": "0",
                            "network_interface_id": "eni-0af7eff82336f0860",
                            "password_data": "",
                            "placement_group": "",
                            "primary_network_interface_id": "eni-0af7eff82336f0860",
                            "private_dns": "ip-172-31-30-236.us-west-2.compute.internal",
                            "private_ip": "172.31.30.236",
                            "public_dns": "ec2-34-217-16-202.us-west-2.compute.amazonaws.com",
                            "public_ip": "34.217.16.202",
                            "root_block_device.#": "1",
                            "root_block_device.0.delete_on_termination": "true",
                            "root_block_device.0.iops": "100",
                            "root_block_device.0.volume_id": "vol-0d0ae02b724eecd49",
                            "root_block_device.0.volume_size": "8",
                            "root_block_device.0.volume_type": "gp2",
                            "security_groups.#": "1",
                            "security_groups.3814588639": "default",
                            "source_dest_check": "true",
                            "subnet_id": "subnet-094fd470",
                            "tags.%": "0",
                            "tenancy": "default",
                            "volume_tags.%": "0",
                            "vpc_security_group_ids.#": "1",
                            "vpc_security_group_ids.3244253987": "sg-0da1107c"
                        },
                        "meta": {
                            "e2bfb730-ecaa-11e6-8f88-34363bc7c4c0": {
                                "create": 600000000000,
                                "delete": 1200000000000,
                                "update": 600000000000
                            },
                            "schema_version": "1"
                        },
                        "tainted": false
                    },
                    "deposed": [],
                    "provider": "provider.aws"
                }
            },
            "depends_on": []
        }
    ]
}
